// !$*UTF8*$!
{
	archiveVersion = 1;
	classes = {
	};
	objectVersion = 46;
	objects = {

/* Begin PBXBuildFile section */
		0C196EFE171B67E9002B250F /* ColorConverter.m in Sources */ = {isa = PBXBuildFile; fileRef = 0C196EFD171B67E9002B250F /* ColorConverter.m */; };
		0C2EBB7B167AB90E00B32013 /* BibleVerseDetails.m in Sources */ = {isa = PBXBuildFile; fileRef = 0C2EBB7A167AB90E00B32013 /* BibleVerseDetails.m */; };
		0C32D5311718C39000F54E63 /* CalendarDetails.m in Sources */ = {isa = PBXBuildFile; fileRef = 0C32D5301718C39000F54E63 /* CalendarDetails.m */; };
		0C32D5351719CCD700F54E63 /* how_to_find_us_btn.png in Resources */ = {isa = PBXBuildFile; fileRef = 0C32D5341719CCD700F54E63 /* how_to_find_us_btn.png */; };
		0C32D537171AE3F400F54E63 /* sermons_btn.png in Resources */ = {isa = PBXBuildFile; fileRef = 0C32D536171AE3F400F54E63 /* sermons_btn.png */; };
		0C32D53B171AE64E00F54E63 /* bible_verses_btn.png in Resources */ = {isa = PBXBuildFile; fileRef = 0C32D53A171AE64E00F54E63 /* bible_verses_btn.png */; };
		0C32D53F171AEC9C00F54E63 /* eRay_btn.png in Resources */ = {isa = PBXBuildFile; fileRef = 0C32D53E171AEC9C00F54E63 /* eRay_btn.png */; };
		0C5AB2BD1690E9AC00169118 /* MediaPlayer.framework in Frameworks */ = {isa = PBXBuildFile; fileRef = 0C5AB2BC1690E9AC00169118 /* MediaPlayer.framework */; };
		0C65DA2A165687450040A383 /* UIKit.framework in Frameworks */ = {isa = PBXBuildFile; fileRef = 0C65DA29165687450040A383 /* UIKit.framework */; };
		0C65DA2C165687450040A383 /* Foundation.framework in Frameworks */ = {isa = PBXBuildFile; fileRef = 0C65DA2B165687450040A383 /* Foundation.framework */; };
		0C65DA2E165687450040A383 /* CoreGraphics.framework in Frameworks */ = {isa = PBXBuildFile; fileRef = 0C65DA2D165687450040A383 /* CoreGraphics.framework */; };
		0C65DA34165687450040A383 /* InfoPlist.strings in Resources */ = {isa = PBXBuildFile; fileRef = 0C65DA32165687450040A383 /* InfoPlist.strings */; };
		0C65DA36165687450040A383 /* main.m in Sources */ = {isa = PBXBuildFile; fileRef = 0C65DA35165687450040A383 /* main.m */; };
		0C65DA3A165687450040A383 /* AppDelegate.m in Sources */ = {isa = PBXBuildFile; fileRef = 0C65DA39165687450040A383 /* AppDelegate.m */; };
		0C65DA3C165687450040A383 /* Default.png in Resources */ = {isa = PBXBuildFile; fileRef = 0C65DA3B165687450040A383 /* Default.png */; };
		0C65DA3E165687450040A383 /* Default@2x.png in Resources */ = {isa = PBXBuildFile; fileRef = 0C65DA3D165687450040A383 /* Default@2x.png */; };
		0C65DA40165687450040A383 /* Default-568h@2x.png in Resources */ = {isa = PBXBuildFile; fileRef = 0C65DA3F165687450040A383 /* Default-568h@2x.png */; };
		0C65DA43165687450040A383 /* MainStoryboard.storyboard in Resources */ = {isa = PBXBuildFile; fileRef = 0C65DA41165687450040A383 /* MainStoryboard.storyboard */; };
		0C65DA46165687450040A383 /* ViewController.m in Sources */ = {isa = PBXBuildFile; fileRef = 0C65DA45165687450040A383 /* ViewController.m */; };
		0C7355E2166B90B500163A78 /* BibleVersesViewController.m in Sources */ = {isa = PBXBuildFile; fileRef = 0C7355E0166B90B500163A78 /* BibleVersesViewController.m */; };
		0C7355E3166B90B500163A78 /* BibleVersesViewController.xib in Resources */ = {isa = PBXBuildFile; fileRef = 0C7355E1166B90B500163A78 /* BibleVersesViewController.xib */; };
		0C7355E6166BA22700163A78 /* BibleVerseParser.m in Sources */ = {isa = PBXBuildFile; fileRef = 0C7355E5166BA22700163A78 /* BibleVerseParser.m */; };
		0C7F98C01695E826006395B0 /* CalendarParser.m in Sources */ = {isa = PBXBuildFile; fileRef = 0C7F98BF1695E826006395B0 /* CalendarParser.m */; };
		0C829988165C02F800C3482E /* oakwoodapp_57.png in Resources */ = {isa = PBXBuildFile; fileRef = 0C829987165C02F800C3482E /* oakwoodapp_57.png */; };
		0C82998A165C034E00C3482E /* scripture.png in Resources */ = {isa = PBXBuildFile; fileRef = 0C829989165C034E00C3482E /* scripture.png */; };
		0C82998C165C045700C3482E /* sermon.png in Resources */ = {isa = PBXBuildFile; fileRef = 0C82998B165C045700C3482E /* sermon.png */; };
		0C82998E165C045F00C3482E /* eray.png in Resources */ = {isa = PBXBuildFile; fileRef = 0C82998D165C045F00C3482E /* eray.png */; };
		0C829990165C046500C3482E /* calendar.png in Resources */ = {isa = PBXBuildFile; fileRef = 0C82998F165C046500C3482E /* calendar.png */; };
		0C829994165C0BDE00C3482E /* address.png in Resources */ = {isa = PBXBuildFile; fileRef = 0C829993165C0BDE00C3482E /* address.png */; };
		0C82999E165C755800C3482E /* CalendarViewController.m in Sources */ = {isa = PBXBuildFile; fileRef = 0C82999D165C755800C3482E /* CalendarViewController.m */; };
		0CB115BD16624E70008425A5 /* FindUsViewController.m in Sources */ = {isa = PBXBuildFile; fileRef = 0CB115BB16624E70008425A5 /* FindUsViewController.m */; };
		0CB115C116625463008425A5 /* MapKit.framework in Frameworks */ = {isa = PBXBuildFile; fileRef = 0CB115C016625463008425A5 /* MapKit.framework */; };
		0CB115C816625FBE008425A5 /* OakwoodLocation.m in Sources */ = {isa = PBXBuildFile; fileRef = 0CB115C716625FBE008425A5 /* OakwoodLocation.m */; };
		0CB1C1B816892EB100D36A95 /* SermonAudioViewController.m in Sources */ = {isa = PBXBuildFile; fileRef = 0CB1C1B616892EB100D36A95 /* SermonAudioViewController.m */; };
		0CCF68B7167F9F4200D1FCE3 /* ERayParser.m in Sources */ = {isa = PBXBuildFile; fileRef = 0CCF68B6167F9F4200D1FCE3 /* ERayParser.m */; };
		0CCF68BF167FA1D800D1FCE3 /* ERayViewController.m in Sources */ = {isa = PBXBuildFile; fileRef = 0CCF68BD167FA1D800D1FCE3 /* ERayViewController.m */; };
		0CCF68C4167FCD2200D1FCE3 /* SermonSelectionViewController.m in Sources */ = {isa = PBXBuildFile; fileRef = 0CCF68C2167FCD2200D1FCE3 /* SermonSelectionViewController.m */; };
		0CCF68C8167FDDD000D1FCE3 /* SermonSelectionParser.m in Sources */ = {isa = PBXBuildFile; fileRef = 0CCF68C7167FDDD000D1FCE3 /* SermonSelectionParser.m */; };
		0CD26EA917223B9200B32AE8 /* BibleVersesWebViewController.m in Sources */ = {isa = PBXBuildFile; fileRef = 0CD26EA817223B9200B32AE8 /* BibleVersesWebViewController.m */; };
		0CF268841682AF17005CA2FE /* SermonDetails.m in Sources */ = {isa = PBXBuildFile; fileRef = 0CF268831682AF17005CA2FE /* SermonDetails.m */; };
/* End PBXBuildFile section */

/* Begin PBXFileReference section */
		0C196EFC171B67E8002B250F /* ColorConverter.h */ = {isa = PBXFileReference; fileEncoding = 4; lastKnownFileType = sourcecode.c.h; path = ColorConverter.h; sourceTree = "<group>"; };
		0C196EFD171B67E9002B250F /* ColorConverter.m */ = {isa = PBXFileReference; fileEncoding = 4; lastKnownFileType = sourcecode.c.objc; path = ColorConverter.m; sourceTree = "<group>"; };
		0C2EBB79167AB90E00B32013 /* BibleVerseDetails.h */ = {isa = PBXFileReference; fileEncoding = 4; lastKnownFileType = sourcecode.c.h; path = BibleVerseDetails.h; sourceTree = "<group>"; };
		0C2EBB7A167AB90E00B32013 /* BibleVerseDetails.m */ = {isa = PBXFileReference; fileEncoding = 4; lastKnownFileType = sourcecode.c.objc; path = BibleVerseDetails.m; sourceTree = "<group>"; };
		0C32D52F1718C39000F54E63 /* CalendarDetails.h */ = {isa = PBXFileReference; fileEncoding = 4; lastKnownFileType = sourcecode.c.h; path = CalendarDetails.h; sourceTree = "<group>"; };
		0C32D5301718C39000F54E63 /* CalendarDetails.m */ = {isa = PBXFileReference; fileEncoding = 4; lastKnownFileType = sourcecode.c.objc; path = CalendarDetails.m; sourceTree = "<group>"; };
		0C32D5341719CCD700F54E63 /* how_to_find_us_btn.png */ = {isa = PBXFileReference; lastKnownFileType = image.png; path = how_to_find_us_btn.png; sourceTree = "<group>"; };
		0C32D536171AE3F400F54E63 /* sermons_btn.png */ = {isa = PBXFileReference; lastKnownFileType = image.png; name = sermons_btn.png; path = Oakwood/sermons_btn.png; sourceTree = "<group>"; };
		0C32D53A171AE64E00F54E63 /* bible_verses_btn.png */ = {isa = PBXFileReference; lastKnownFileType = image.png; path = bible_verses_btn.png; sourceTree = "<group>"; };
		0C32D53E171AEC9C00F54E63 /* eRay_btn.png */ = {isa = PBXFileReference; lastKnownFileType = image.png; path = eRay_btn.png; sourceTree = "<group>"; };
		0C5AB2BC1690E9AC00169118 /* MediaPlayer.framework */ = {isa = PBXFileReference; lastKnownFileType = wrapper.framework; name = MediaPlayer.framework; path = System/Library/Frameworks/MediaPlayer.framework; sourceTree = SDKROOT; };
		0C65DA25165687450040A383 /* Oakwood.app */ = {isa = PBXFileReference; explicitFileType = wrapper.application; includeInIndex = 0; path = Oakwood.app; sourceTree = BUILT_PRODUCTS_DIR; };
		0C65DA29165687450040A383 /* UIKit.framework */ = {isa = PBXFileReference; lastKnownFileType = wrapper.framework; name = UIKit.framework; path = System/Library/Frameworks/UIKit.framework; sourceTree = SDKROOT; };
		0C65DA2B165687450040A383 /* Foundation.framework */ = {isa = PBXFileReference; lastKnownFileType = wrapper.framework; name = Foundation.framework; path = System/Library/Frameworks/Foundation.framework; sourceTree = SDKROOT; };
		0C65DA2D165687450040A383 /* CoreGraphics.framework */ = {isa = PBXFileReference; lastKnownFileType = wrapper.framework; name = CoreGraphics.framework; path = System/Library/Frameworks/CoreGraphics.framework; sourceTree = SDKROOT; };
		0C65DA31165687450040A383 /* Oakwood-Info.plist */ = {isa = PBXFileReference; lastKnownFileType = text.plist.xml; path = "Oakwood-Info.plist"; sourceTree = "<group>"; };
		0C65DA33165687450040A383 /* en */ = {isa = PBXFileReference; lastKnownFileType = text.plist.strings; name = en; path = en.lproj/InfoPlist.strings; sourceTree = "<group>"; };
		0C65DA35165687450040A383 /* main.m */ = {isa = PBXFileReference; lastKnownFileType = sourcecode.c.objc; path = main.m; sourceTree = "<group>"; };
		0C65DA37165687450040A383 /* Oakwood-Prefix.pch */ = {isa = PBXFileReference; lastKnownFileType = sourcecode.c.h; path = "Oakwood-Prefix.pch"; sourceTree = "<group>"; };
		0C65DA38165687450040A383 /* AppDelegate.h */ = {isa = PBXFileReference; lastKnownFileType = sourcecode.c.h; path = AppDelegate.h; sourceTree = "<group>"; };
		0C65DA39165687450040A383 /* AppDelegate.m */ = {isa = PBXFileReference; lastKnownFileType = sourcecode.c.objc; path = AppDelegate.m; sourceTree = "<group>"; };
		0C65DA3B165687450040A383 /* Default.png */ = {isa = PBXFileReference; lastKnownFileType = image.png; path = Default.png; sourceTree = "<group>"; };
		0C65DA3D165687450040A383 /* Default@2x.png */ = {isa = PBXFileReference; lastKnownFileType = image.png; path = "Default@2x.png"; sourceTree = "<group>"; };
		0C65DA3F165687450040A383 /* Default-568h@2x.png */ = {isa = PBXFileReference; lastKnownFileType = image.png; path = "Default-568h@2x.png"; sourceTree = "<group>"; };
		0C65DA42165687450040A383 /* en */ = {isa = PBXFileReference; lastKnownFileType = file.storyboard; name = en; path = en.lproj/MainStoryboard.storyboard; sourceTree = "<group>"; };
		0C65DA44165687450040A383 /* ViewController.h */ = {isa = PBXFileReference; lastKnownFileType = sourcecode.c.h; path = ViewController.h; sourceTree = "<group>"; };
		0C65DA45165687450040A383 /* ViewController.m */ = {isa = PBXFileReference; lastKnownFileType = sourcecode.c.objc; path = ViewController.m; sourceTree = "<group>"; };
		0C7355DF166B90B500163A78 /* BibleVersesViewController.h */ = {isa = PBXFileReference; fileEncoding = 4; lastKnownFileType = sourcecode.c.h; path = BibleVersesViewController.h; sourceTree = "<group>"; };
		0C7355E0166B90B500163A78 /* BibleVersesViewController.m */ = {isa = PBXFileReference; fileEncoding = 4; lastKnownFileType = sourcecode.c.objc; path = BibleVersesViewController.m; sourceTree = "<group>"; };
		0C7355E1166B90B500163A78 /* BibleVersesViewController.xib */ = {isa = PBXFileReference; fileEncoding = 4; lastKnownFileType = file.xib; path = BibleVersesViewController.xib; sourceTree = "<group>"; };
		0C7355E4166BA22700163A78 /* BibleVerseParser.h */ = {isa = PBXFileReference; fileEncoding = 4; lastKnownFileType = sourcecode.c.h; path = BibleVerseParser.h; sourceTree = "<group>"; };
		0C7355E5166BA22700163A78 /* BibleVerseParser.m */ = {isa = PBXFileReference; fileEncoding = 4; lastKnownFileType = sourcecode.c.objc; path = BibleVerseParser.m; sourceTree = "<group>"; };
		0C7F98BE1695E826006395B0 /* CalendarParser.h */ = {isa = PBXFileReference; fileEncoding = 4; lastKnownFileType = sourcecode.c.h; path = CalendarParser.h; sourceTree = "<group>"; };
		0C7F98BF1695E826006395B0 /* CalendarParser.m */ = {isa = PBXFileReference; fileEncoding = 4; lastKnownFileType = sourcecode.c.objc; path = CalendarParser.m; sourceTree = "<group>"; };
		0C829987165C02F800C3482E /* oakwoodapp_57.png */ = {isa = PBXFileReference; lastKnownFileType = image.png; path = oakwoodapp_57.png; sourceTree = "<group>"; };
		0C829989165C034E00C3482E /* scripture.png */ = {isa = PBXFileReference; lastKnownFileType = image.png; path = scripture.png; sourceTree = "<group>"; };
		0C82998B165C045700C3482E /* sermon.png */ = {isa = PBXFileReference; lastKnownFileType = image.png; path = sermon.png; sourceTree = "<group>"; };
		0C82998D165C045F00C3482E /* eray.png */ = {isa = PBXFileReference; lastKnownFileType = image.png; path = eray.png; sourceTree = "<group>"; };
		0C82998F165C046500C3482E /* calendar.png */ = {isa = PBXFileReference; lastKnownFileType = image.png; path = calendar.png; sourceTree = "<group>"; };
		0C829993165C0BDE00C3482E /* address.png */ = {isa = PBXFileReference; lastKnownFileType = image.png; path = address.png; sourceTree = "<group>"; };
		0C82999C165C755800C3482E /* CalendarViewController.h */ = {isa = PBXFileReference; fileEncoding = 4; lastKnownFileType = sourcecode.c.h; path = CalendarViewController.h; sourceTree = "<group>"; };
		0C82999D165C755800C3482E /* CalendarViewController.m */ = {isa = PBXFileReference; fileEncoding = 4; lastKnownFileType = sourcecode.c.objc; path = CalendarViewController.m; sourceTree = "<group>"; };
		0CB115BA16624E70008425A5 /* FindUsViewController.h */ = {isa = PBXFileReference; fileEncoding = 4; lastKnownFileType = sourcecode.c.h; path = FindUsViewController.h; sourceTree = "<group>"; };
		0CB115BB16624E70008425A5 /* FindUsViewController.m */ = {isa = PBXFileReference; fileEncoding = 4; lastKnownFileType = sourcecode.c.objc; path = FindUsViewController.m; sourceTree = "<group>"; };
		0CB115C016625463008425A5 /* MapKit.framework */ = {isa = PBXFileReference; lastKnownFileType = wrapper.framework; name = MapKit.framework; path = System/Library/Frameworks/MapKit.framework; sourceTree = SDKROOT; };
		0CB115C616625FBE008425A5 /* OakwoodLocation.h */ = {isa = PBXFileReference; fileEncoding = 4; lastKnownFileType = sourcecode.c.h; path = OakwoodLocation.h; sourceTree = "<group>"; };
		0CB115C716625FBE008425A5 /* OakwoodLocation.m */ = {isa = PBXFileReference; fileEncoding = 4; lastKnownFileType = sourcecode.c.objc; path = OakwoodLocation.m; sourceTree = "<group>"; };
		0CB1C1B516892EB000D36A95 /* SermonAudioViewController.h */ = {isa = PBXFileReference; fileEncoding = 4; lastKnownFileType = sourcecode.c.h; path = SermonAudioViewController.h; sourceTree = "<group>"; };
		0CB1C1B616892EB100D36A95 /* SermonAudioViewController.m */ = {isa = PBXFileReference; fileEncoding = 4; lastKnownFileType = sourcecode.c.objc; path = SermonAudioViewController.m; sourceTree = "<group>"; };
		0CB1C1BA168932BD00D36A95 /* AVFoundation.framework */ = {isa = PBXFileReference; lastKnownFileType = wrapper.framework; name = AVFoundation.framework; path = System/Library/Frameworks/AVFoundation.framework; sourceTree = SDKROOT; };
		0CCF68B5167F9F4200D1FCE3 /* ERayParser.h */ = {isa = PBXFileReference; fileEncoding = 4; lastKnownFileType = sourcecode.c.h; path = ERayParser.h; sourceTree = "<group>"; };
		0CCF68B6167F9F4200D1FCE3 /* ERayParser.m */ = {isa = PBXFileReference; fileEncoding = 4; lastKnownFileType = sourcecode.c.objc; path = ERayParser.m; sourceTree = "<group>"; };
		0CCF68BC167FA1D800D1FCE3 /* ERayViewController.h */ = {isa = PBXFileReference; fileEncoding = 4; lastKnownFileType = sourcecode.c.h; path = ERayViewController.h; sourceTree = "<group>"; };
		0CCF68BD167FA1D800D1FCE3 /* ERayViewController.m */ = {isa = PBXFileReference; fileEncoding = 4; lastKnownFileType = sourcecode.c.objc; path = ERayViewController.m; sourceTree = "<group>"; };
		0CCF68C1167FCD2200D1FCE3 /* SermonSelectionViewController.h */ = {isa = PBXFileReference; fileEncoding = 4; lastKnownFileType = sourcecode.c.h; path = SermonSelectionViewController.h; sourceTree = "<group>"; };
		0CCF68C2167FCD2200D1FCE3 /* SermonSelectionViewController.m */ = {isa = PBXFileReference; fileEncoding = 4; lastKnownFileType = sourcecode.c.objc; path = SermonSelectionViewController.m; sourceTree = "<group>"; };
		0CCF68C6167FDDD000D1FCE3 /* SermonSelectionParser.h */ = {isa = PBXFileReference; fileEncoding = 4; lastKnownFileType = sourcecode.c.h; path = SermonSelectionParser.h; sourceTree = "<group>"; };
		0CCF68C7167FDDD000D1FCE3 /* SermonSelectionParser.m */ = {isa = PBXFileReference; fileEncoding = 4; lastKnownFileType = sourcecode.c.objc; path = SermonSelectionParser.m; sourceTree = "<group>"; };
		0CD26EA717223B9200B32AE8 /* BibleVersesWebViewController.h */ = {isa = PBXFileReference; fileEncoding = 4; lastKnownFileType = sourcecode.c.h; path = BibleVersesWebViewController.h; sourceTree = "<group>"; };
		0CD26EA817223B9200B32AE8 /* BibleVersesWebViewController.m */ = {isa = PBXFileReference; fileEncoding = 4; lastKnownFileType = sourcecode.c.objc; path = BibleVersesWebViewController.m; sourceTree = "<group>"; };
		0CF268821682AF17005CA2FE /* SermonDetails.h */ = {isa = PBXFileReference; fileEncoding = 4; lastKnownFileType = sourcecode.c.h; path = SermonDetails.h; sourceTree = "<group>"; };
		0CF268831682AF17005CA2FE /* SermonDetails.m */ = {isa = PBXFileReference; fileEncoding = 4; lastKnownFileType = sourcecode.c.objc; path = SermonDetails.m; sourceTree = "<group>"; };
/* End PBXFileReference section */

/* Begin PBXFrameworksBuildPhase section */
		0C65DA22165687450040A383 /* Frameworks */ = {
			isa = PBXFrameworksBuildPhase;
			buildActionMask = 2147483647;
			files = (
				0C5AB2BD1690E9AC00169118 /* MediaPlayer.framework in Frameworks */,
				0CB115C116625463008425A5 /* MapKit.framework in Frameworks */,
				0C65DA2A165687450040A383 /* UIKit.framework in Frameworks */,
				0C65DA2C165687450040A383 /* Foundation.framework in Frameworks */,
				0C65DA2E165687450040A383 /* CoreGraphics.framework in Frameworks */,
			);
			runOnlyForDeploymentPostprocessing = 0;
		};
/* End PBXFrameworksBuildPhase section */

/* Begin PBXGroup section */
		0C65DA1A165687450040A383 = {
			isa = PBXGroup;
			children = (
				0C5AB2BC1690E9AC00169118 /* MediaPlayer.framework */,
				0CB1C1BA168932BD00D36A95 /* AVFoundation.framework */,
				0CB115C016625463008425A5 /* MapKit.framework */,
				0C829987165C02F800C3482E /* oakwoodapp_57.png */,
				0C829989165C034E00C3482E /* scripture.png */,
				0C82998B165C045700C3482E /* sermon.png */,
				0C82998D165C045F00C3482E /* eray.png */,
				0C82998F165C046500C3482E /* calendar.png */,
				0C829993165C0BDE00C3482E /* address.png */,
				0C32D5341719CCD700F54E63 /* how_to_find_us_btn.png */,
				0C32D536171AE3F400F54E63 /* sermons_btn.png */,
				0C32D53A171AE64E00F54E63 /* bible_verses_btn.png */,
				0C32D53E171AEC9C00F54E63 /* eRay_btn.png */,
				0C65DA2F165687450040A383 /* Oakwood */,
				0C65DA28165687450040A383 /* Frameworks */,
				0C65DA26165687450040A383 /* Products */,
			);
			sourceTree = "<group>";
		};
		0C65DA26165687450040A383 /* Products */ = {
			isa = PBXGroup;
			children = (
				0C65DA25165687450040A383 /* Oakwood.app */,
			);
			name = Products;
			sourceTree = "<group>";
		};
		0C65DA28165687450040A383 /* Frameworks */ = {
			isa = PBXGroup;
			children = (
				0C65DA29165687450040A383 /* UIKit.framework */,
				0C65DA2B165687450040A383 /* Foundation.framework */,
				0C65DA2D165687450040A383 /* CoreGraphics.framework */,
			);
			name = Frameworks;
			sourceTree = "<group>";
		};
		0C65DA2F165687450040A383 /* Oakwood */ = {
			isa = PBXGroup;
			children = (
				0C65DA38165687450040A383 /* AppDelegate.h */,
				0C65DA39165687450040A383 /* AppDelegate.m */,
				0CD26EA717223B9200B32AE8 /* BibleVersesWebViewController.h */,
				0CD26EA817223B9200B32AE8 /* BibleVersesWebViewController.m */,
				0C7355DF166B90B500163A78 /* BibleVersesViewController.h */,
				0C7355E0166B90B500163A78 /* BibleVersesViewController.m */,
				0C7355E1166B90B500163A78 /* BibleVersesViewController.xib */,
				0C2EBB79167AB90E00B32013 /* BibleVerseDetails.h */,
				0C2EBB7A167AB90E00B32013 /* BibleVerseDetails.m */,
				0C7355E4166BA22700163A78 /* BibleVerseParser.h */,
				0C7355E5166BA22700163A78 /* BibleVerseParser.m */,
				0C82999C165C755800C3482E /* CalendarViewController.h */,
				0C82999D165C755800C3482E /* CalendarViewController.m */,
				0C7F98BE1695E826006395B0 /* CalendarParser.h */,
				0C7F98BF1695E826006395B0 /* CalendarParser.m */,
				0C32D52F1718C39000F54E63 /* CalendarDetails.h */,
				0C32D5301718C39000F54E63 /* CalendarDetails.m */,
				0CCF68BC167FA1D800D1FCE3 /* ERayViewController.h */,
				0CCF68BD167FA1D800D1FCE3 /* ERayViewController.m */,
				0CCF68B5167F9F4200D1FCE3 /* ERayParser.h */,
				0CCF68B6167F9F4200D1FCE3 /* ERayParser.m */,
				0CB115BA16624E70008425A5 /* FindUsViewController.h */,
				0CB115BB16624E70008425A5 /* FindUsViewController.m */,
				0CB115C616625FBE008425A5 /* OakwoodLocation.h */,
				0CB115C716625FBE008425A5 /* OakwoodLocation.m */,
				0CCF68C1167FCD2200D1FCE3 /* SermonSelectionViewController.h */,
				0CCF68C2167FCD2200D1FCE3 /* SermonSelectionViewController.m */,
				0CCF68C6167FDDD000D1FCE3 /* SermonSelectionParser.h */,
				0CCF68C7167FDDD000D1FCE3 /* SermonSelectionParser.m */,
				0CF268821682AF17005CA2FE /* SermonDetails.h */,
				0CF268831682AF17005CA2FE /* SermonDetails.m */,
				0CB1C1B516892EB000D36A95 /* SermonAudioViewController.h */,
				0CB1C1B616892EB100D36A95 /* SermonAudioViewController.m */,
				0C196EFC171B67E8002B250F /* ColorConverter.h */,
				0C196EFD171B67E9002B250F /* ColorConverter.m */,
				0C65DA44165687450040A383 /* ViewController.h */,
				0C65DA45165687450040A383 /* ViewController.m */,
				0C65DA41165687450040A383 /* MainStoryboard.storyboard */,
				0C65DA30165687450040A383 /* Supporting Files */,
			);
			path = Oakwood;
			sourceTree = "<group>";
		};
		0C65DA30165687450040A383 /* Supporting Files */ = {
			isa = PBXGroup;
			children = (
				0C65DA31165687450040A383 /* Oakwood-Info.plist */,
				0C65DA32165687450040A383 /* InfoPlist.strings */,
				0C65DA35165687450040A383 /* main.m */,
				0C65DA37165687450040A383 /* Oakwood-Prefix.pch */,
				0C65DA3B165687450040A383 /* Default.png */,
				0C65DA3D165687450040A383 /* Default@2x.png */,
				0C65DA3F165687450040A383 /* Default-568h@2x.png */,
			);
			name = "Supporting Files";
			sourceTree = "<group>";
		};
/* End PBXGroup section */

/* Begin PBXNativeTarget section */
		0C65DA24165687450040A383 /* Oakwood */ = {
			isa = PBXNativeTarget;
			buildConfigurationList = 0C65DA49165687450040A383 /* Build configuration list for PBXNativeTarget "Oakwood" */;
			buildPhases = (
				0C65DA21165687450040A383 /* Sources */,
				0C65DA22165687450040A383 /* Frameworks */,
				0C65DA23165687450040A383 /* Resources */,
			);
			buildRules = (
			);
			dependencies = (
			);
			name = Oakwood;
			productName = Oakwood;
			productReference = 0C65DA25165687450040A383 /* Oakwood.app */;
			productType = "com.apple.product-type.application";
		};
/* End PBXNativeTarget section */

/* Begin PBXProject section */
		0C65DA1C165687450040A383 /* Project object */ = {
			isa = PBXProject;
			attributes = {
				LastUpgradeCheck = 0450;
				ORGANIZATIONNAME = "Oakwood Baptist Church";
			};
			buildConfigurationList = 0C65DA1F165687450040A383 /* Build configuration list for PBXProject "Oakwood" */;
			compatibilityVersion = "Xcode 3.2";
			developmentRegion = English;
			hasScannedForEncodings = 0;
			knownRegions = (
				en,
			);
			mainGroup = 0C65DA1A165687450040A383;
			productRefGroup = 0C65DA26165687450040A383 /* Products */;
			projectDirPath = "";
			projectRoot = "";
			targets = (
				0C65DA24165687450040A383 /* Oakwood */,
			);
		};
/* End PBXProject section */

/* Begin PBXResourcesBuildPhase section */
		0C65DA23165687450040A383 /* Resources */ = {
			isa = PBXResourcesBuildPhase;
			buildActionMask = 2147483647;
			files = (
				0C65DA34165687450040A383 /* InfoPlist.strings in Resources */,
				0C65DA3C165687450040A383 /* Default.png in Resources */,
				0C65DA3E165687450040A383 /* Default@2x.png in Resources */,
				0C65DA40165687450040A383 /* Default-568h@2x.png in Resources */,
				0C65DA43165687450040A383 /* MainStoryboard.storyboard in Resources */,
				0C829988165C02F800C3482E /* oakwoodapp_57.png in Resources */,
				0C82998A165C034E00C3482E /* scripture.png in Resources */,
				0C82998C165C045700C3482E /* sermon.png in Resources */,
				0C82998E165C045F00C3482E /* eray.png in Resources */,
				0C829990165C046500C3482E /* calendar.png in Resources */,
				0C829994165C0BDE00C3482E /* address.png in Resources */,
				0C7355E3166B90B500163A78 /* BibleVersesViewController.xib in Resources */,
				0C32D5351719CCD700F54E63 /* how_to_find_us_btn.png in Resources */,
				0C32D537171AE3F400F54E63 /* sermons_btn.png in Resources */,
				0C32D53B171AE64E00F54E63 /* bible_verses_btn.png in Resources */,
				0C32D53F171AEC9C00F54E63 /* eRay_btn.png in Resources */,
			);
			runOnlyForDeploymentPostprocessing = 0;
		};
/* End PBXResourcesBuildPhase section */

/* Begin PBXSourcesBuildPhase section */
		0C65DA21165687450040A383 /* Sources */ = {
			isa = PBXSourcesBuildPhase;
			buildActionMask = 2147483647;
			files = (
				0C65DA36165687450040A383 /* main.m in Sources */,
				0C65DA3A165687450040A383 /* AppDelegate.m in Sources */,
				0C65DA46165687450040A383 /* ViewController.m in Sources */,
				0C82999E165C755800C3482E /* CalendarViewController.m in Sources */,
				0CB115BD16624E70008425A5 /* FindUsViewController.m in Sources */,
				0CB115C816625FBE008425A5 /* OakwoodLocation.m in Sources */,
				0C7355E2166B90B500163A78 /* BibleVersesViewController.m in Sources */,
				0C7355E6166BA22700163A78 /* BibleVerseParser.m in Sources */,
				0C2EBB7B167AB90E00B32013 /* BibleVerseDetails.m in Sources */,
				0CCF68B7167F9F4200D1FCE3 /* ERayParser.m in Sources */,
				0CCF68BF167FA1D800D1FCE3 /* ERayViewController.m in Sources */,
				0CCF68C4167FCD2200D1FCE3 /* SermonSelectionViewController.m in Sources */,
				0CCF68C8167FDDD000D1FCE3 /* SermonSelectionParser.m in Sources */,
				0CF268841682AF17005CA2FE /* SermonDetails.m in Sources */,
				0CB1C1B816892EB100D36A95 /* SermonAudioViewController.m in Sources */,
				0C7F98C01695E826006395B0 /* CalendarParser.m in Sources */,
				0C32D5311718C39000F54E63 /* CalendarDetails.m in Sources */,
				0C196EFE171B67E9002B250F /* ColorConverter.m in Sources */,
				0CD26EA917223B9200B32AE8 /* BibleVersesWebViewController.m in Sources */,
			);
			runOnlyForDeploymentPostprocessing = 0;
		};
/* End PBXSourcesBuildPhase section */

/* Begin PBXVariantGroup section */
		0C65DA32165687450040A383 /* InfoPlist.strings */ = {
			isa = PBXVariantGroup;
			children = (
				0C65DA33165687450040A383 /* en */,
			);
			name = InfoPlist.strings;
			sourceTree = "<group>";
		};
		0C65DA41165687450040A383 /* MainStoryboard.storyboard */ = {
			isa = PBXVariantGroup;
			children = (
				0C65DA42165687450040A383 /* en */,
			);
			name = MainStoryboard.storyboard;
			sourceTree = "<group>";
		};
/* End PBXVariantGroup section */

/* Begin XCBuildConfiguration section */
		0C65DA47165687450040A383 /* Debug */ = {
			isa = XCBuildConfiguration;
			buildSettings = {
				ALWAYS_SEARCH_USER_PATHS = NO;
				CLANG_CXX_LANGUAGE_STANDARD = "gnu++0x";
				CLANG_CXX_LIBRARY = "libc++";
				CLANG_ENABLE_OBJC_ARC = YES;
				CLANG_WARN_EMPTY_BODY = YES;
				CLANG_WARN__DUPLICATE_METHOD_MATCH = YES;
				"CODE_SIGN_IDENTITY[sdk=iphoneos*]" = "iPhone Developer";
				COPY_PHASE_STRIP = NO;
				GCC_C_LANGUAGE_STANDARD = gnu99;
				GCC_DYNAMIC_NO_PIC = NO;
				GCC_OPTIMIZATION_LEVEL = 0;
				GCC_PREPROCESSOR_DEFINITIONS = (
					"DEBUG=1",
					"$(inherited)",
				);
				GCC_SYMBOLS_PRIVATE_EXTERN = NO;
				GCC_WARN_ABOUT_RETURN_TYPE = YES;
				GCC_WARN_UNINITIALIZED_AUTOS = YES;
				GCC_WARN_UNUSED_VARIABLE = YES;
				HEADER_SEARCH_PATHS = /usr/local/include;
				IPHONEOS_DEPLOYMENT_TARGET = 6.0;
				LIBRARY_SEARCH_PATHS = /usr/local/lib;
				ONLY_ACTIVE_ARCH = YES;
				SDKROOT = iphoneos;
				USER_HEADER_SEARCH_PATHS = /usr/local/include;
			};
			name = Debug;
		};
		0C65DA48165687450040A383 /* Release */ = {
			isa = XCBuildConfiguration;
			buildSettings = {
				ALWAYS_SEARCH_USER_PATHS = NO;
				CLANG_CXX_LANGUAGE_STANDARD = "gnu++0x";
				CLANG_CXX_LIBRARY = "libc++";
				CLANG_ENABLE_OBJC_ARC = YES;
				CLANG_WARN_EMPTY_BODY = YES;
				CLANG_WARN__DUPLICATE_METHOD_MATCH = YES;
				"CODE_SIGN_IDENTITY[sdk=iphoneos*]" = "iPhone Developer";
				COPY_PHASE_STRIP = YES;
				GCC_C_LANGUAGE_STANDARD = gnu99;
				GCC_WARN_ABOUT_RETURN_TYPE = YES;
				GCC_WARN_UNINITIALIZED_AUTOS = YES;
				GCC_WARN_UNUSED_VARIABLE = YES;
				HEADER_SEARCH_PATHS = /usr/local/include;
				IPHONEOS_DEPLOYMENT_TARGET = 6.0;
				LIBRARY_SEARCH_PATHS = /usr/local/lib;
				OTHER_CFLAGS = "-DNS_BLOCK_ASSERTIONS=1";
				SDKROOT = iphoneos;
				USER_HEADER_SEARCH_PATHS = /usr/local/include;
				VALIDATE_PRODUCT = YES;
			};
			name = Release;
		};
		0C65DA4A165687450040A383 /* Debug */ = {
			isa = XCBuildConfiguration;
			buildSettings = {
				GCC_PRECOMPILE_PREFIX_HEADER = YES;
				GCC_PREFIX_HEADER = "Oakwood/Oakwood-Prefix.pch";
				HEADER_SEARCH_PATHS = (
					/usr/local/include,
					/usr/local/libical/include,
				);
				INFOPLIST_FILE = "Oakwood/Oakwood-Info.plist";
				IPHONEOS_DEPLOYMENT_TARGET = 6.1;
				LIBRARY_SEARCH_PATHS = (
					"$(inherited)",
					"\"$(SRCROOT)\"",
					/usr/local/lib,
				);
				PRODUCT_NAME = "$(TARGET_NAME)";
				TARGETED_DEVICE_FAMILY = "1,2";
				USER_HEADER_SEARCH_PATHS = /usr/local/include;
				WRAPPER_EXTENSION = app;
			};
			name = Debug;
		};
		0C65DA4B165687450040A383 /* Release */ = {
			isa = XCBuildConfiguration;
			buildSettings = {
				GCC_PRECOMPILE_PREFIX_HEADER = YES;
				GCC_PREFIX_HEADER = "Oakwood/Oakwood-Prefix.pch";
				HEADER_SEARCH_PATHS = (
					/usr/local/include,
					/usr/local/libical/include,
				);
				INFOPLIST_FILE = "Oakwood/Oakwood-Info.plist";
				IPHONEOS_DEPLOYMENT_TARGET = 6.1;
				LIBRARY_SEARCH_PATHS = (
					"$(inherited)",
					"\"$(SRCROOT)\"",
					/usr/local/lib,
				);
				PRODUCT_NAME = "$(TARGET_NAME)";
				TARGETED_DEVICE_FAMILY = "1,2";
				USER_HEADER_SEARCH_PATHS = /usr/local/include;
				WRAPPER_EXTENSION = app;
			};
			name = Release;
		};
/* End XCBuildConfiguration section */

/* Begin XCConfigurationList section */
		0C65DA1F165687450040A383 /* Build configuration list for PBXProject "Oakwood" */ = {
			isa = XCConfigurationList;
			buildConfigurations = (
				0C65DA47165687450040A383 /* Debug */,
				0C65DA48165687450040A383 /* Release */,
			);
			defaultConfigurationIsVisible = 0;
			defaultConfigurationName = Release;
		};
		0C65DA49165687450040A383 /* Build configuration list for PBXNativeTarget "Oakwood" */ = {
			isa = XCConfigurationList;
			buildConfigurations = (
				0C65DA4A165687450040A383 /* Debug */,
				0C65DA4B165687450040A383 /* Release */,
			);
			defaultConfigurationIsVisible = 0;
			defaultConfigurationName = Release;
		};
/* End XCConfigurationList section */
	};
	rootObject = 0C65DA1C165687450040A383 /* Project object */;
}
